
Microsoft Visual Studio Solution File, Format Version 12.00
# Visual Studio Version 16
VisualStudioVersion = 16.0.29025.244
MinimumVisualStudioVersion = 10.0.40219.1
Project("{FAE04EC0-301F-11D3-BF4B-00C04F79EFBC}") = "Controle de livros", "Controle de livros\Controle de livros.csproj", "{A843B823-9982-4175-BCB5-12D0765265FE}"
EndProject
Project("{2150E333-8FDC-42A3-9474-1A3956D46DE8}") = "Solution Items", "Solution Items", "{1D1427C2-1767-493E-98B3-363514E6A279}"
	ProjectSection(SolutionItems) = preProject
		Performance1.psess = Performance1.psess
	EndProjectSection
EndProject
Project("{54435603-DBB4-11D2-8724-00A0C9A8B90C}") = "Biblioteca Fácil Acesso", "..\..\Installer\Biblioteca Fácil Acesso\Biblioteca Fácil Acesso.vdproj", "{92BCE4EC-EC80-43B8-BE59-A3F538B2D67B}"
EndProject
Global
	GlobalSection(SolutionConfigurationPlatforms) = preSolution
		Debug|Any CPU = Debug|Any CPU
		Debug|x86 = Debug|x86
		Release|Any CPU = Release|Any CPU
		Release|x86 = Release|x86
	EndGlobalSection
	GlobalSection(ProjectConfigurationPlatforms) = postSolution
		{A843B823-9982-4175-BCB5-12D0765265FE}.Debug|Any CPU.ActiveCfg = Debug|Any CPU
		{A843B823-9982-4175-BCB5-12D0765265FE}.Debug|Any CPU.Build.0 = Debug|Any CPU
		{A843B823-9982-4175-BCB5-12D0765265FE}.Debug|x86.ActiveCfg = Debug|x86
		{A843B823-9982-4175-BCB5-12D0765265FE}.Debug|x86.Build.0 = Debug|x86
		{A843B823-9982-4175-BCB5-12D0765265FE}.Release|Any CPU.ActiveCfg = Release|Any CPU
		{A843B823-9982-4175-BCB5-12D0765265FE}.Release|Any CPU.Build.0 = Release|Any CPU
		{A843B823-9982-4175-BCB5-12D0765265FE}.Release|x86.ActiveCfg = Release|x86
		{A843B823-9982-4175-BCB5-12D0765265FE}.Release|x86.Build.0 = Release|x86
		{92BCE4EC-EC80-43B8-BE59-A3F538B2D67B}.Debug|Any CPU.ActiveCfg = Debug
		{92BCE4EC-EC80-43B8-BE59-A3F538B2D67B}.Debug|x86.ActiveCfg = Debug
		{92BCE4EC-EC80-43B8-BE59-A3F538B2D67B}.Release|Any CPU.ActiveCfg = Release
		{92BCE4EC-EC80-43B8-BE59-A3F538B2D67B}.Release|x86.ActiveCfg = Release
	EndGlobalSection
	GlobalSection(SolutionProperties) = preSolution
		HideSolutionNode = FALSE
	EndGlobalSection
	GlobalSection(ExtensibilityGlobals) = postSolution
		SolutionGuid = {D6FDFC16-0D51-4240-86D9-12377DD86027}
	EndGlobalSection
	GlobalSection(Performance) = preSolution
		HasPerformanceSessions = true
	EndGlobalSection
EndGlobal
